
Microsoft Visual Studio Solution File, Format Version 12.00
# Visual Studio 15
VisualStudioVersion = 15.0.28010.2050
MinimumVisualStudioVersion = 10.0.40219.1
Project("{9A19103F-16F7-4668-BE54-9A1E7A4F7556}") = "Squeeby_App", "Squeeby App\Squeeby_App.csproj", "{62192615-30FD-4B19-BE41-57A2184C6C43}"
EndProject
Global
	GlobalSection(SolutionConfigurationPlatforms) = preSolution
		Debug|Any CPU = Debug|Any CPU
		Release|Any CPU = Release|Any CPU
	EndGlobalSection
	GlobalSection(ProjectConfigurationPlatforms) = postSolution
		{62192615-30FD-4B19-BE41-57A2184C6C43}.Debug|Any CPU.ActiveCfg = Debug|Any CPU
		{62192615-30FD-4B19-BE41-57A2184C6C43}.Debug|Any CPU.Build.0 = Debug|Any CPU
		{62192615-30FD-4B19-BE41-57A2184C6C43}.Release|Any CPU.ActiveCfg = Release|Any CPU
		{62192615-30FD-4B19-BE41-57A2184C6C43}.Release|Any CPU.Build.0 = Release|Any CPU
		{3D80D4D2-FA4E-4D4C-B7F9-A94064595A55}.Debug|Any CPU.ActiveCfg = Debug|Any CPU
		{3D80D4D2-FA4E-4D4C-B7F9-A94064595A55}.Debug|Any CPU.Build.0 = Debug|Any CPU
		{3D80D4D2-FA4E-4D4C-B7F9-A94064595A55}.Release|Any CPU.ActiveCfg = Release|Any CPU
		{3D80D4D2-FA4E-4D4C-B7F9-A94064595A55}.Release|Any CPU.Build.0 = Release|Any CPU
		{A29A6891-C6BA-4203-B143-DD2DCE81DFAD}.Debug|Any CPU.ActiveCfg = Debug|Any CPU
		{A29A6891-C6BA-4203-B143-DD2DCE81DFAD}.Debug|Any CPU.Build.0 = Debug|Any CPU
		{A29A6891-C6BA-4203-B143-DD2DCE81DFAD}.Release|Any CPU.ActiveCfg = Release|Any CPU
		{A29A6891-C6BA-4203-B143-DD2DCE81DFAD}.Release|Any CPU.Build.0 = Release|Any CPU
	EndGlobalSection
	GlobalSection(SolutionProperties) = preSolution
		HideSolutionNode = FALSE
	EndGlobalSection
	GlobalSection(ExtensibilityGlobals) = postSolution
		SolutionGuid = {F1C0406D-11BC-4672-A902-646BC8144C9B}
	EndGlobalSection
EndGlobal
